{
  "version": 4,
  "terraform_version": "1.0.4",
  "serial": 12,
  "lineage": "0c9a8d70-3b44-d207-6d37-5487d344bdfd",
  "outputs": {},
  "resources": [
    {
      "mode": "data",
      "type": "google_client_config",
      "name": "current",
      "provider": "provider[\"registry.terraform.io/hashicorp/google\"]",
      "instances": [
        {
          "schema_version": 0,
          "attributes": {
            "access_token": "ya29.c.KqgBDgj49YLnj-VRDltYg22K88Tz-GQIH2__NN62ndyzJhHOTv1W7KksGIH-Ran04hPkaB17G6nEOLtu6XbiOCW8ceZnZBUdIgZzhQ4lmwfLFwQiEpO5soK499JQNy-Xf6bZ45CacTEo7dOkKb5vjDtk1VPo2W84c3Hwy2GkbXA-xyT0iLRFw4yznXDSWFRvHEJAtsgr-fwZJvsF7CvemoFqoe5HU9yPJZnL...................................................................................................................................................................................................................................................................................................................................................................................................................................................................................................................................................................................................................................................................................................................................................................................",
            "id": "projects/acquired-badge-324319/regions/europe-west1/zones/europe-west1-b",
            "project": "acquired-badge-324319",
            "region": "europe-west1",
            "zone": "europe-west1-b"
          },
          "sensitive_attributes": []
        }
      ]
    },
    {
      "mode": "managed",
      "type": "google_container_cluster",
      "name": "apps",
      "provider": "provider[\"registry.terraform.io/hashicorp/google-beta\"]",
      "instances": [
        {
          "schema_version": 1,
          "attributes": {
            "addons_config": [
              {
                "cloudrun_config": [],
                "config_connector_config": [],
                "dns_cache_config": [],
                "gce_persistent_disk_csi_driver_config": [
                  {
                    "enabled": true
                  }
                ],
                "horizontal_pod_autoscaling": [],
                "http_load_balancing": [],
                "istio_config": [],
                "kalm_config": [],
                "network_policy_config": [
                  {
                    "disabled": true
                  }
                ]
              }
            ],
            "authenticator_groups_config": [],
            "cluster_autoscaling": [
              {
                "auto_provisioning_defaults": [],
                "autoscaling_profile": "BALANCED",
                "enabled": false,
                "resource_limits": []
              }
            ],
            "cluster_ipv4_cidr": "10.0.0.0/14",
            "cluster_telemetry": [
              {
                "type": "ENABLED"
              }
            ],
            "confidential_nodes": [],
            "database_encryption": [
              {
                "key_name": "",
                "state": "DECRYPTED"
              }
            ],
            "datapath_provider": "",
            "default_max_pods_per_node": null,
            "default_snat_status": [
              {
                "disabled": false
              }
            ],
            "description": "",
            "enable_autopilot": false,
            "enable_binary_authorization": false,
            "enable_intranode_visibility": false,
            "enable_kubernetes_alpha": false,
            "enable_l4_ilb_subsetting": false,
            "enable_legacy_abac": false,
            "enable_shielded_nodes": true,
            "enable_tpu": false,
            "endpoint": "35.241.159.57",
            "id": "projects/acquired-badge-324319/locations/europe-west1-b/clusters/cluster1",
            "initial_node_count": 1,
            "instance_group_urls": [
              "https://www.googleapis.com/compute/beta/projects/acquired-badge-324319/zones/europe-west1-b/instanceGroups/gke-cluster1-cluster1-nodes-4f1637e9-grp"
            ],
            "ip_allocation_policy": [],
            "label_fingerprint": "a9dc16a7",
            "location": "europe-west1-b",
            "logging_service": "logging.googleapis.com/kubernetes",
            "maintenance_policy": [
              {
                "daily_maintenance_window": [
                  {
                    "duration": "PT4H0M0S",
                    "start_time": "03:00"
                  }
                ],
                "maintenance_exclusion": [],
                "recurring_window": []
              }
            ],
            "master_auth": [
              {
                "client_certificate": "",
                "client_certificate_config": [
                  {
                    "issue_client_certificate": false
                  }
                ],
                "client_key": "",
                "cluster_ca_certificate": "LS0tLS1CRUdJTiBDRVJUSUZJQ0FURS0tLS0tCk1JSURLekNDQWhPZ0F3SUJBZ0lSQUxEeTVES0Rtb21EcHhEb0ZTMmRCakF3RFFZSktvWklodmNOQVFFTEJRQXcKTHpFdE1Dc0dBMVVFQXhNa1l6RTJZbUUzWmpBdE1UbGlPUzAwT0RZNExXSTJZekF0TldRM05tRTVZMll3TUdOaQpNQjRYRFRJeE1EZ3lPREU0TWpBMU0xb1hEVEkyTURneU56RTVNakExTTFvd0x6RXRNQ3NHQTFVRUF4TWtZekUyClltRTNaakF0TVRsaU9TMDBPRFk0TFdJMll6QXROV1EzTm1FNVkyWXdNR05pTUlJQklqQU5CZ2txaGtpRzl3MEIKQVFFRkFBT0NBUThBTUlJQkNnS0NBUUVBMjlqbjlSV2hIT3FVOE1sRlVIbnl3M2VUaWwreUtMQU5SMW4ydVJGRgpqeFdnV3NSQmxJbHl4akt2V3JvVW1xY21oVXlDcUE3K01EOHk0aVFBUGtyYVpXYnV5UzE4cWcvd1hUbGhuOGJoCjNuSjRiRk40QnNxVU5sREthVDh4MnQ2MU9qaDhCVGRzZDZtZVBpYTNOZ29xOTBObThLVDl2TWdNbVpxWnVnUWwKd0hQMlJCVkthKzduU2o5R21PUjF2Y2ZyTXQzWlZoeW1kL09TTlVzc2pQUzBNb1k3RTRZQTR6ZE9hSm5PRU9CUApaSWVpclRTVWVxMS90S3pjWjdUUEFlVFZpS1dYSnNDbnZsa2orT09VeDZ6QzdNc1V5WG43WDZxQXJzeTBudlFWCmgxUUg1QVkxZDkvRGp4eFlDY2ViK1UxZkQxNHJ1OHZ4c0dVT3dmOUJsN1RSY1FJREFRQUJvMEl3UURBT0JnTlYKSFE4QkFmOEVCQU1DQWdRd0R3WURWUjBUQVFIL0JBVXdBd0VCL3pBZEJnTlZIUTRFRmdRVVRKT1QxOVd2eWhPQwpmdCs4MU93dTIrV1dDRk13RFFZSktvWklodmNOQVFFTEJRQURnZ0VCQURHNXJiVXpVVWxTOGFZZ3VsNzRkdW41CmtweTZJTmFsU2t2SkVFYzkvc0g3Ry83WDJsVFdxc1pDbWFVazZWT1kyOGxJNTBVV0lnRFcrMnkwOWlMWlN6TVAKOWVqUHg1cFd6UGVwaTF0cnFtUW12Skh6VFpWcVJuODZ1Qk1vUzU3aFoxK3ZtQkhtNlg1SnlLMHBISWpITGVsWgpvNjUxYjQxY0o3aU54V0x0NGttQmIwc3NZUWhwWDVodmYrZlM1ZlF3ZTVNUVM2Q1lOSDhJek12Z2NPNm51ZE41Cm5WTmR1V3JSY1d6QWhuSVRzUXNWNTZ1NHBLaTNqZHluWDVzTWlYbWNoUkV1bDU0anhULzJQMy8zTElVOFRHYnMKYXMrUHovdE55RVBrZjRlNlRmTmJQNTduczgveFZtSy94Y2dWUjY0b2JuRGViNHorVSsyUis1Ty9IMm5ncjJrPQotLS0tLUVORCBDRVJUSUZJQ0FURS0tLS0tCg==",
                "password": "",
                "username": ""
              }
            ],
            "master_authorized_networks_config": [],
            "master_version": "1.20.8-gke.900",
            "min_master_version": null,
            "monitoring_service": "monitoring.googleapis.com/kubernetes",
            "name": "cluster1",
            "network": "projects/acquired-badge-324319/global/networks/default",
            "network_policy": [
              {
                "enabled": false,
                "provider": "PROVIDER_UNSPECIFIED"
              }
            ],
            "networking_mode": "ROUTES",
            "node_config": [
              {
                "boot_disk_kms_key": "",
                "disk_size_gb": 100,
                "disk_type": "pd-standard",
                "ephemeral_storage_config": [],
                "guest_accelerator": [],
                "image_type": "COS_CONTAINERD",
                "kubelet_config": [],
                "labels": {},
                "linux_node_config": [],
                "local_ssd_count": 0,
                "machine_type": "e2-standard-2",
                "metadata": {
                  "disable-legacy-endpoints": "true"
                },
                "min_cpu_platform": "",
                "oauth_scopes": [
                  "https://www.googleapis.com/auth/devstorage.read_only",
                  "https://www.googleapis.com/auth/logging.write",
                  "https://www.googleapis.com/auth/monitoring",
                  "https://www.googleapis.com/auth/trace.append"
                ],
                "preemptible": false,
                "sandbox_config": [],
                "service_account": "default",
                "shielded_instance_config": [
                  {
                    "enable_integrity_monitoring": true,
                    "enable_secure_boot": false
                  }
                ],
                "tags": [],
                "taint": [],
                "workload_metadata_config": []
              }
            ],
            "node_locations": [],
            "node_pool": [
              {
                "autoscaling": [
                  {
                    "max_node_count": 4,
                    "min_node_count": 0
                  }
                ],
                "initial_node_count": 3,
                "instance_group_urls": [
                  "https://www.googleapis.com/compute/v1/projects/acquired-badge-324319/zones/europe-west1-b/instanceGroupManagers/gke-cluster1-cluster1-nodes-4f1637e9-grp"
                ],
                "management": [
                  {
                    "auto_repair": true,
                    "auto_upgrade": true
                  }
                ],
                "max_pods_per_node": 0,
                "name": "cluster1-nodes",
                "name_prefix": "",
                "network_config": [],
                "node_config": [
                  {
                    "boot_disk_kms_key": "",
                    "disk_size_gb": 100,
                    "disk_type": "pd-standard",
                    "ephemeral_storage_config": [],
                    "guest_accelerator": [],
                    "image_type": "COS_CONTAINERD",
                    "kubelet_config": [],
                    "labels": {},
                    "linux_node_config": [],
                    "local_ssd_count": 0,
                    "machine_type": "e2-standard-2",
                    "metadata": {
                      "disable-legacy-endpoints": "true"
                    },
                    "min_cpu_platform": "",
                    "oauth_scopes": [
                      "https://www.googleapis.com/auth/devstorage.read_only",
                      "https://www.googleapis.com/auth/logging.write",
                      "https://www.googleapis.com/auth/monitoring",
                      "https://www.googleapis.com/auth/trace.append"
                    ],
                    "preemptible": false,
                    "sandbox_config": [],
                    "service_account": "default",
                    "shielded_instance_config": [
                      {
                        "enable_integrity_monitoring": true,
                        "enable_secure_boot": false
                      }
                    ],
                    "tags": [],
                    "taint": [],
                    "workload_metadata_config": []
                  }
                ],
                "node_count": 3,
                "node_locations": [
                  "europe-west1-b"
                ],
                "upgrade_settings": [
                  {
                    "max_surge": 1,
                    "max_unavailable": 0
                  }
                ],
                "version": "1.20.8-gke.900"
              }
            ],
            "node_version": "1.20.8-gke.900",
            "notification_config": [
              {
                "pubsub": [
                  {
                    "enabled": false,
                    "topic": ""
                  }
                ]
              }
            ],
            "operation": null,
            "pod_security_policy_config": [
              {
                "enabled": false
              }
            ],
            "private_cluster_config": [],
            "private_ipv6_google_access": "",
            "project": "acquired-badge-324319",
            "release_channel": [
              {
                "channel": "REGULAR"
              }
            ],
            "remove_default_node_pool": true,
            "resource_labels": {},
            "resource_usage_export_config": [],
            "self_link": "https://container.googleapis.com/v1beta1/projects/acquired-badge-324319/zones/europe-west1-b/clusters/cluster1",
            "services_ipv4_cidr": "10.3.240.0/20",
            "subnetwork": "projects/acquired-badge-324319/regions/europe-west1/subnetworks/default",
            "timeouts": null,
            "tpu_ipv4_cidr_block": "",
            "vertical_pod_autoscaling": [],
            "workload_identity_config": []
          },
          "sensitive_attributes": [],
          "private": "eyJlMmJmYjczMC1lY2FhLTExZTYtOGY4OC0zNDM2M2JjN2M0YzAiOnsiY3JlYXRlIjoyNDAwMDAwMDAwMDAwLCJkZWxldGUiOjI0MDAwMDAwMDAwMDAsInJlYWQiOjI0MDAwMDAwMDAwMDAsInVwZGF0ZSI6MzYwMDAwMDAwMDAwMH0sInNjaGVtYV92ZXJzaW9uIjoiMSJ9"
        }
      ]
    },
    {
      "mode": "managed",
      "type": "google_container_node_pool",
      "name": "apps",
      "provider": "provider[\"registry.terraform.io/hashicorp/google\"]",
      "instances": [
        {
          "schema_version": 1,
          "attributes": {
            "autoscaling": [
              {
                "max_node_count": 4,
                "min_node_count": 0
              }
            ],
            "cluster": "cluster1",
            "id": "projects/acquired-badge-324319/locations/europe-west1-b/clusters/cluster1/nodePools/cluster1-nodes",
            "initial_node_count": 3,
            "instance_group_urls": [
              "https://www.googleapis.com/compute/v1/projects/acquired-badge-324319/zones/europe-west1-b/instanceGroupManagers/gke-cluster1-cluster1-nodes-4f1637e9-grp"
            ],
            "location": "europe-west1-b",
            "management": [
              {
                "auto_repair": true,
                "auto_upgrade": true
              }
            ],
            "max_pods_per_node": null,
            "name": "cluster1-nodes",
            "name_prefix": "",
            "node_config": [
              {
                "disk_size_gb": 100,
                "disk_type": "pd-standard",
                "guest_accelerator": [],
                "image_type": "COS_CONTAINERD",
                "labels": {},
                "local_ssd_count": 0,
                "machine_type": "e2-standard-2",
                "metadata": {
                  "disable-legacy-endpoints": "true"
                },
                "min_cpu_platform": "",
                "oauth_scopes": [
                  "https://www.googleapis.com/auth/devstorage.read_only",
                  "https://www.googleapis.com/auth/logging.write",
                  "https://www.googleapis.com/auth/monitoring",
                  "https://www.googleapis.com/auth/trace.append"
                ],
                "preemptible": false,
                "service_account": "default",
                "shielded_instance_config": [
                  {
                    "enable_integrity_monitoring": true,
                    "enable_secure_boot": false
                  }
                ],
                "tags": [],
                "taint": [],
                "workload_metadata_config": []
              }
            ],
            "node_count": 3,
            "node_locations": [
              "europe-west1-b"
            ],
            "operation": null,
            "project": "acquired-badge-324319",
            "timeouts": null,
            "upgrade_settings": [
              {
                "max_surge": 1,
                "max_unavailable": 0
              }
            ],
            "version": "1.20.8-gke.900"
          },
          "sensitive_attributes": [],
          "private": "eyJlMmJmYjczMC1lY2FhLTExZTYtOGY4OC0zNDM2M2JjN2M0YzAiOnsiY3JlYXRlIjoxODAwMDAwMDAwMDAwLCJkZWxldGUiOjE4MDAwMDAwMDAwMDAsInVwZGF0ZSI6MTgwMDAwMDAwMDAwMH0sInNjaGVtYV92ZXJzaW9uIjoiMSJ9",
          "dependencies": [
            "google_container_cluster.apps"
          ]
        }
      ]
    },
    {
      "mode": "managed",
      "type": "kubernetes_namespace",
      "name": "falco",
      "provider": "provider[\"registry.terraform.io/hashicorp/kubernetes\"]",
      "instances": [
        {
          "schema_version": 0,
          "attributes": {
            "id": "falco",
            "metadata": [
              {
                "annotations": {},
                "generate_name": "",
                "generation": 0,
                "labels": {
                  "name": "falco"
                },
                "name": "falco",
                "resource_version": "1653",
                "uid": "5b8b6857-1e4d-46a3-bdcd-989f81fc48b6"
              }
            ],
            "timeouts": null
          },
          "sensitive_attributes": [],
          "private": "eyJlMmJmYjczMC1lY2FhLTExZTYtOGY4OC0zNDM2M2JjN2M0YzAiOnsiZGVsZXRlIjozMDAwMDAwMDAwMDB9fQ==",
          "dependencies": [
            "data.google_client_config.current",
            "google_container_cluster.apps"
          ]
        }
      ]
    },
    {
      "mode": "managed",
      "type": "kubernetes_namespace",
      "name": "guestbook",
      "provider": "provider[\"registry.terraform.io/hashicorp/kubernetes\"]",
      "instances": [
        {
          "schema_version": 0,
          "attributes": {
            "id": "guestbook",
            "metadata": [
              {
                "annotations": null,
                "generate_name": "",
                "generation": 0,
                "labels": {
                  "name": "guestbook"
                },
                "name": "guestbook",
                "resource_version": "5028",
                "uid": "ddfb8f63-8f7f-41b7-a76e-29d8c033ebf9"
              }
            ],
            "timeouts": null
          },
          "sensitive_attributes": [],
          "private": "eyJlMmJmYjczMC1lY2FhLTExZTYtOGY4OC0zNDM2M2JjN2M0YzAiOnsiZGVsZXRlIjozMDAwMDAwMDAwMDB9fQ==",
          "dependencies": [
            "data.google_client_config.current",
            "google_container_cluster.apps"
          ]
        }
      ]
    },
    {
      "mode": "managed",
      "type": "kubernetes_namespace",
      "name": "monitoring",
      "provider": "provider[\"registry.terraform.io/hashicorp/kubernetes\"]",
      "instances": [
        {
          "schema_version": 0,
          "attributes": {
            "id": "monitoring",
            "metadata": [
              {
                "annotations": {},
                "generate_name": "",
                "generation": 0,
                "labels": {
                  "name": "monitoring"
                },
                "name": "monitoring",
                "resource_version": "1654",
                "uid": "221de953-e792-49b9-83b6-a795413584ca"
              }
            ],
            "timeouts": null
          },
          "sensitive_attributes": [],
          "private": "eyJlMmJmYjczMC1lY2FhLTExZTYtOGY4OC0zNDM2M2JjN2M0YzAiOnsiZGVsZXRlIjozMDAwMDAwMDAwMDB9fQ==",
          "dependencies": [
            "data.google_client_config.current",
            "google_container_cluster.apps"
          ]
        }
      ]
    },
    {
      "mode": "managed",
      "type": "kubernetes_namespace",
      "name": "nginx",
      "provider": "provider[\"registry.terraform.io/hashicorp/kubernetes\"]",
      "instances": [
        {
          "schema_version": 0,
          "attributes": {
            "id": "nginx",
            "metadata": [
              {
                "annotations": null,
                "generate_name": "",
                "generation": 0,
                "labels": {
                  "name": "nginx"
                },
                "name": "nginx",
                "resource_version": "5029",
                "uid": "27068472-6cef-48ae-bbba-118eed029a12"
              }
            ],
            "timeouts": null
          },
          "sensitive_attributes": [],
          "private": "eyJlMmJmYjczMC1lY2FhLTExZTYtOGY4OC0zNDM2M2JjN2M0YzAiOnsiZGVsZXRlIjozMDAwMDAwMDAwMDB9fQ==",
          "dependencies": [
            "data.google_client_config.current",
            "google_container_cluster.apps"
          ]
        }
      ]
    },
    {
      "module": "module.prometheus_stack",
      "mode": "data",
      "type": "template_file",
      "name": "prometheus",
      "provider": "provider[\"registry.terraform.io/hashicorp/template\"]",
      "instances": [
        {
          "schema_version": 0,
          "attributes": {
            "filename": null,
            "id": "de289bd28b9113778c151329ef1f7750d0e240c22ae7b8a8bd46a28ee9461c08",
            "rendered": "---\nglobal:\n  rbac:\n    enabled: true\ncommonLabels:\n  prometheus: default\ndefaultRules:\n  labels:\n    alertmanager: default\n  rules:\n    alertmanager: true\n    etcd: false\n    general: true\n    k8s: true\n    kubeApiserver: false\n    kubeApiserverError: true\n    kubePrometheusNodeAlerting: true\n    kubePrometheusNodeRecording: true\n    kubernetesAbsent: false\n    kubernetesApps: true\n    kubernetesResources: false\n    kubernetesStorage: true\n    kubernetesSystem: false # Override in /root/config/alertrules/kubernetes_sytem.yaml\n    kubeScheduler: false\n    network: false # Override in /root/config/alertrules/kubernetes_nodes.yaml\n    node: false # Override in /root/config/alertrules/kubernetes_nodes.yaml\n    prometheus: true\n    prometheusOperator: true\n    time: false # Override in /root/config/alertrules/kubernetes_nodes.yaml\n\nprometheus:\n  service:\n    type: NodePort\n  ingress:\n    enabled: true\n    paths: [\"/*\"]",
            "template": "---\nglobal:\n  rbac:\n    enabled: true\ncommonLabels:\n  prometheus: default\ndefaultRules:\n  labels:\n    alertmanager: default\n  rules:\n    alertmanager: true\n    etcd: false\n    general: true\n    k8s: true\n    kubeApiserver: false\n    kubeApiserverError: true\n    kubePrometheusNodeAlerting: true\n    kubePrometheusNodeRecording: true\n    kubernetesAbsent: false\n    kubernetesApps: true\n    kubernetesResources: false\n    kubernetesStorage: true\n    kubernetesSystem: false # Override in /root/config/alertrules/kubernetes_sytem.yaml\n    kubeScheduler: false\n    network: false # Override in /root/config/alertrules/kubernetes_nodes.yaml\n    node: false # Override in /root/config/alertrules/kubernetes_nodes.yaml\n    prometheus: true\n    prometheusOperator: true\n    time: false # Override in /root/config/alertrules/kubernetes_nodes.yaml\n\nprometheus:\n  service:\n    type: NodePort\n  ingress:\n    enabled: true\n    paths: [\"/*\"]",
            "vars": null
          },
          "sensitive_attributes": []
        }
      ]
    },
    {
      "module": "module.prometheus_stack",
      "mode": "managed",
      "type": "helm_release",
      "name": "prometheus_stack",
      "provider": "provider[\"registry.terraform.io/hashicorp/helm\"]",
      "instances": [
        {
          "schema_version": 0,
          "attributes": {
            "atomic": false,
            "chart": "kube-prometheus-stack",
            "cleanup_on_fail": false,
            "create_namespace": false,
            "dependency_update": false,
            "description": null,
            "devel": null,
            "disable_crd_hooks": false,
            "disable_openapi_validation": false,
            "disable_webhooks": false,
            "force_update": false,
            "id": "kube-prometheus-stack",
            "keyring": null,
            "lint": false,
            "manifest": null,
            "max_history": 0,
            "metadata": [
              {
                "app_version": "0.45.0",
                "chart": "kube-prometheus-stack",
                "name": "kube-prometheus-stack",
                "namespace": "monitoring",
                "revision": 1,
                "values": "{\"commonLabels\":{\"prometheus\":\"default\"},\"defaultRules\":{\"labels\":{\"alertmanager\":\"default\"},\"rules\":{\"alertmanager\":true,\"etcd\":false,\"general\":true,\"k8s\":true,\"kubeApiserver\":false,\"kubeApiserverError\":true,\"kubePrometheusNodeAlerting\":true,\"kubePrometheusNodeRecording\":true,\"kubeScheduler\":false,\"kubernetesAbsent\":false,\"kubernetesApps\":true,\"kubernetesResources\":false,\"kubernetesStorage\":true,\"kubernetesSystem\":false,\"network\":false,\"node\":false,\"prometheus\":true,\"prometheusOperator\":true,\"time\":false}},\"global\":{\"rbac\":{\"enabled\":true}},\"grafana\":{\"adminPassword\":\"detteeretlangtpassord\"},\"prometheus\":{\"ingress\":{\"enabled\":true,\"paths\":[\"/*\"]},\"service\":{\"type\":\"NodePort\"}}}",
                "version": "13.4.1"
              }
            ],
            "name": "kube-prometheus-stack",
            "namespace": "monitoring",
            "postrender": [],
            "recreate_pods": false,
            "render_subchart_notes": true,
            "replace": false,
            "repository": "https://prometheus-community.github.io/helm-charts",
            "repository_ca_file": null,
            "repository_cert_file": null,
            "repository_key_file": null,
            "repository_password": null,
            "repository_username": null,
            "reset_values": false,
            "reuse_values": false,
            "set": [
              {
                "name": "grafana.adminPassword",
                "type": "",
                "value": "detteeretlangtpassord"
              }
            ],
            "set_sensitive": [],
            "skip_crds": false,
            "status": "deployed",
            "timeout": 300,
            "values": [
              "---\nglobal:\n  rbac:\n    enabled: true\ncommonLabels:\n  prometheus: default\ndefaultRules:\n  labels:\n    alertmanager: default\n  rules:\n    alertmanager: true\n    etcd: false\n    general: true\n    k8s: true\n    kubeApiserver: false\n    kubeApiserverError: true\n    kubePrometheusNodeAlerting: true\n    kubePrometheusNodeRecording: true\n    kubernetesAbsent: false\n    kubernetesApps: true\n    kubernetesResources: false\n    kubernetesStorage: true\n    kubernetesSystem: false # Override in /root/config/alertrules/kubernetes_sytem.yaml\n    kubeScheduler: false\n    network: false # Override in /root/config/alertrules/kubernetes_nodes.yaml\n    node: false # Override in /root/config/alertrules/kubernetes_nodes.yaml\n    prometheus: true\n    prometheusOperator: true\n    time: false # Override in /root/config/alertrules/kubernetes_nodes.yaml\n\nprometheus:\n  service:\n    type: NodePort\n  ingress:\n    enabled: true\n    paths: [\"/*\"]"
            ],
            "verify": false,
            "version": "13.4.1",
            "wait": true,
            "wait_for_jobs": false
          },
          "sensitive_attributes": [],
          "private": "bnVsbA==",
          "dependencies": [
            "data.google_client_config.current",
            "google_container_cluster.apps",
            "google_container_node_pool.apps",
            "kubernetes_namespace.monitoring",
            "module.prometheus_stack.data.template_file.prometheus"
          ]
        }
      ]
    }
  ]
}
